// !$*UTF8*$!
{
	archiveVersion = 1;
	classes = {
	};
	objectVersion = 50;
	objects = {

/* Begin PBXBuildFile section */
		D0AE27DD237EB84A00DEEC6E /* AppDelegate.swift in Sources */ = {isa = PBXBuildFile; fileRef = D0AE27DC237EB84A00DEEC6E /* AppDelegate.swift */; };
		D0AE27DF237EB84A00DEEC6E /* ContentView.swift in Sources */ = {isa = PBXBuildFile; fileRef = D0AE27DE237EB84A00DEEC6E /* ContentView.swift */; };
		D0AE27E1237EB84D00DEEC6E /* Assets.xcassets in Resources */ = {isa = PBXBuildFile; fileRef = D0AE27E0237EB84D00DEEC6E /* Assets.xcassets */; };
		D0AE27E4237EB84D00DEEC6E /* Preview Assets.xcassets in Resources */ = {isa = PBXBuildFile; fileRef = D0AE27E3237EB84D00DEEC6E /* Preview Assets.xcassets */; };
		D0AE27E7237EB84D00DEEC6E /* Main.storyboard in Resources */ = {isa = PBXBuildFile; fileRef = D0AE27E5237EB84D00DEEC6E /* Main.storyboard */; };
/* End PBXBuildFile section */

/* Begin PBXFileReference section */
		D0AE27D9237EB84A00DEEC6E /* tea time.app */ = {isa = PBXFileReference; explicitFileType = wrapper.application; includeInIndex = 0; path = "tea time.app"; sourceTree = BUILT_PRODUCTS_DIR; };
		D0AE27DC237EB84A00DEEC6E /* AppDelegate.swift */ = {isa = PBXFileReference; lastKnownFileType = sourcecode.swift; path = AppDelegate.swift; sourceTree = "<group>"; };
		D0AE27DE237EB84A00DEEC6E /* ContentView.swift */ = {isa = PBXFileReference; lastKnownFileType = sourcecode.swift; path = ContentView.swift; sourceTree = "<group>"; };
		D0AE27E0237EB84D00DEEC6E /* Assets.xcassets */ = {isa = PBXFileReference; lastKnownFileType = folder.assetcatalog; path = Assets.xcassets; sourceTree = "<group>"; };
		D0AE27E3237EB84D00DEEC6E /* Preview Assets.xcassets */ = {isa = PBXFileReference; lastKnownFileType = folder.assetcatalog; path = "Preview Assets.xcassets"; sourceTree = "<group>"; };
		D0AE27E6237EB84D00DEEC6E /* Base */ = {isa = PBXFileReference; lastKnownFileType = file.storyboard; name = Base; path = Base.lproj/Main.storyboard; sourceTree = "<group>"; };
		D0AE27E8237EB84D00DEEC6E /* Info.plist */ = {isa = PBXFileReference; lastKnownFileType = text.plist.xml; path = Info.plist; sourceTree = "<group>"; };
		D0AE27E9237EB84D00DEEC6E /* tea_time.entitlements */ = {isa = PBXFileReference; lastKnownFileType = text.plist.entitlements; path = tea_time.entitlements; sourceTree = "<group>"; };
/* End PBXFileReference section */

/* Begin PBXFrameworksBuildPhase section */
		D0AE27D6237EB84A00DEEC6E /* Frameworks */ = {
			isa = PBXFrameworksBuildPhase;
			buildActionMask = 2147483647;
			files = (
			);
			runOnlyForDeploymentPostprocessing = 0;
		};
/* End PBXFrameworksBuildPhase section */

/* Begin PBXGroup section */
		D0AE27D0237EB84A00DEEC6E = {
			isa = PBXGroup;
			children = (
				D0AE27DB237EB84A00DEEC6E /* tea time */,
				D0AE27DA237EB84A00DEEC6E /* Products */,
			);
			sourceTree = "<group>";
		};
		D0AE27DA237EB84A00DEEC6E /* Products */ = {
			isa = PBXGroup;
			children = (
				D0AE27D9237EB84A00DEEC6E /* tea time.app */,
			);
			name = Products;
			sourceTree = "<group>";
		};
		D0AE27DB237EB84A00DEEC6E /* tea time */ = {
			isa = PBXGroup;
			children = (
				D0AE27DC237EB84A00DEEC6E /* AppDelegate.swift */,
				D0AE27DE237EB84A00DEEC6E /* ContentView.swift */,
				D0AE27E0237EB84D00DEEC6E /* Assets.xcassets */,
				D0AE27E5237EB84D00DEEC6E /* Main.storyboard */,
				D0AE27E8237EB84D00DEEC6E /* Info.plist */,
				D0AE27E9237EB84D00DEEC6E /* tea_time.entitlements */,
				D0AE27E2237EB84D00DEEC6E /* Preview Content */,
			);
			path = "tea time";
			sourceTree = "<group>";
		};
		D0AE27E2237EB84D00DEEC6E /* Preview Content */ = {
			isa = PBXGroup;
			children = (
				D0AE27E3237EB84D00DEEC6E /* Preview Assets.xcassets */,
			);
			path = "Preview Content";
			sourceTree = "<group>";
		};
/* End PBXGroup section */

/* Begin PBXNativeTarget section */
		D0AE27D8237EB84A00DEEC6E /* tea time */ = {
			isa = PBXNativeTarget;
			buildConfigurationList = D0AE27EC237EB84E00DEEC6E /* Build configuration list for PBXNativeTarget "tea time" */;
			buildPhases = (
				D0AE27D5237EB84A00DEEC6E /* Sources */,
				D0AE27D6237EB84A00DEEC6E /* Frameworks */,
				D0AE27D7237EB84A00DEEC6E /* Resources */,
			);
			buildRules = (
			);
			dependencies = (
			);
			name = "tea time";
			productName = "tea time";
			productReference = D0AE27D9237EB84A00DEEC6E /* tea time.app */;
			productType = "com.apple.product-type.application";
		};
/* End PBXNativeTarget section */

/* Begin PBXProject section */
		D0AE27D1237EB84A00DEEC6E /* Project object */ = {
			isa = PBXProject;
			attributes = {
				LastSwiftUpdateCheck = 1120;
				LastUpgradeCheck = 1120;
				ORGANIZATIONNAME = "Wolfpack-Digital";
				TargetAttributes = {
					D0AE27D8237EB84A00DEEC6E = {
						CreatedOnToolsVersion = 11.2;
					};
				};
			};
			buildConfigurationList = D0AE27D4237EB84A00DEEC6E /* Build configuration list for PBXProject "tea time" */;
			compatibilityVersion = "Xcode 9.3";
			developmentRegion = en;
			hasScannedForEncodings = 0;
			knownRegions = (
				en,
				Base,
			);
			mainGroup = D0AE27D0237EB84A00DEEC6E;
			productRefGroup = D0AE27DA237EB84A00DEEC6E /* Products */;
			projectDirPath = "";
			projectRoot = "";
			targets = (
				D0AE27D8237EB84A00DEEC6E /* tea time */,
			);
		};
/* End PBXProject section */

/* Begin PBXResourcesBuildPhase section */
		D0AE27D7237EB84A00DEEC6E /* Resources */ = {
			isa = PBXResourcesBuildPhase;
			buildActionMask = 2147483647;
			files = (
				D0AE27E7237EB84D00DEEC6E /* Main.storyboard in Resources */,
				D0AE27E4237EB84D00DEEC6E /* Preview Assets.xcassets in Resources */,
				D0AE27E1237EB84D00DEEC6E /* Assets.xcassets in Resources */,
			);
			runOnlyForDeploymentPostprocessing = 0;
		};
/* End PBXResourcesBuildPhase section */

/* Begin PBXSourcesBuildPhase section */
		D0AE27D5237EB84A00DEEC6E /* Sources */ = {
			isa = PBXSourcesBuildPhase;
			buildActionMask = 2147483647;
			files = (
				D0AE27DF237EB84A00DEEC6E /* ContentView.swift in Sources */,
				D0AE27DD237EB84A00DEEC6E /* AppDelegate.swift in Sources */,
			);
			runOnlyForDeploymentPostprocessing = 0;
		};
/* End PBXSourcesBuildPhase section */

/* Begin PBXVariantGroup section */
		D0AE27E5237EB84D00DEEC6E /* Main.storyboard */ = {
			isa = PBXVariantGroup;
			children = (
				D0AE27E6237EB84D00DEEC6E /* Base */,
			);
			name = Main.storyboard;
			sourceTree = "<group>";
		};
/* End PBXVariantGroup section */

/* Begin XCBuildConfiguration section */
		D0AE27EA237EB84D00DEEC6E /* Debug */ = {
			isa = XCBuildConfiguration;
			buildSettings = {
				ALWAYS_SEARCH_USER_PATHS = NO;
				CLANG_ANALYZER_NONNULL = YES;
				CLANG_ANALYZER_NUMBER_OBJECT_CONVERSION = YES_AGGRESSIVE;
				CLANG_CXX_LANGUAGE_STANDARD = "gnu++14";
				CLANG_CXX_LIBRARY = "libc++";
				CLANG_ENABLE_MODULES = YES;
				CLANG_ENABLE_OBJC_ARC = YES;
				CLANG_ENABLE_OBJC_WEAK = YES;
				CLANG_WARN_BLOCK_CAPTURE_AUTORELEASING = YES;
				CLANG_WARN_BOOL_CONVERSION = YES;
				CLANG_WARN_COMMA = YES;
				CLANG_WARN_CONSTANT_CONVERSION = YES;
				CLANG_WARN_DEPRECATED_OBJC_IMPLEMENTATIONS = YES;
				CLANG_WARN_DIRECT_OBJC_ISA_USAGE = YES_ERROR;
				CLANG_WARN_DOCUMENTATION_COMMENTS = YES;
				CLANG_WARN_EMPTY_BODY = YES;
				CLANG_WARN_ENUM_CONVERSION = YES;
				CLANG_WARN_INFINITE_RECURSION = YES;
				CLANG_WARN_INT_CONVERSION = YES;
				CLANG_WARN_NON_LITERAL_NULL_CONVERSION = YES;
				CLANG_WARN_OBJC_IMPLICIT_RETAIN_SELF = YES;
				CLANG_WARN_OBJC_LITERAL_CONVERSION = YES;
				CLANG_WARN_OBJC_ROOT_CLASS = YES_ERROR;
				CLANG_WARN_RANGE_LOOP_ANALYSIS = YES;
				CLANG_WARN_STRICT_PROTOTYPES = YES;
				CLANG_WARN_SUSPICIOUS_MOVE = YES;
				CLANG_WARN_UNGUARDED_AVAILABILITY = YES_AGGRESSIVE;
				CLANG_WARN_UNREACHABLE_CODE = YES;
				CLANG_WARN__DUPLICATE_METHOD_MATCH = YES;
				COPY_PHASE_STRIP = NO;
				DEBUG_INFORMATION_FORMAT = dwarf;
				ENABLE_STRICT_OBJC_MSGSEND = YES;
				ENABLE_TESTABILITY = YES;
				GCC_C_LANGUAGE_STANDARD = gnu11;
				GCC_DYNAMIC_NO_PIC = NO;
				GCC_NO_COMMON_BLOCKS = YES;
				GCC_OPTIMIZATION_LEVEL = 0;
				GCC_PREPROCESSOR_DEFINITIONS = (
					"DEBUG=1",
					"$(inherited)",
				);
				GCC_WARN_64_TO_32_BIT_CONVERSION = YES;
				GCC_WARN_ABOUT_RETURN_TYPE = YES_ERROR;
				GCC_WARN_UNDECLARED_SELECTOR = YES;
				GCC_WARN_UNINITIALIZED_AUTOS = YES_AGGRESSIVE;
				GCC_WARN_UNUSED_FUNCTION = YES;
				GCC_WARN_UNUSED_VARIABLE = YES;
				MACOSX_DEPLOYMENT_TARGET = 10.15;
				MTL_ENABLE_DEBUG_INFO = INCLUDE_SOURCE;
				MTL_FAST_MATH = YES;
				ONLY_ACTIVE_ARCH = YES;
				SDKROOT = macosx;
				SWIFT_ACTIVE_COMPILATION_CONDITIONS = DEBUG;
				SWIFT_OPTIMIZATION_LEVEL = "-Onone";
			};
			name = Debug;
		};
		D0AE27EB237EB84E00DEEC6E /* Release */ = {
			isa = XCBuildConfiguration;
			buildSettings = {
				ALWAYS_SEARCH_USER_PATHS = NO;
				CLANG_ANALYZER_NONNULL = YES;
				CLANG_ANALYZER_NUMBER_OBJECT_CONVERSION = YES_AGGRESSIVE;
				CLANG_CXX_LANGUAGE_STANDARD = "gnu++14";
				CLANG_CXX_LIBRARY = "libc++";
				CLANG_ENABLE_MODULES = YES;
				CLANG_ENABLE_OBJC_ARC = YES;
				CLANG_ENABLE_OBJC_WEAK = YES;
				CLANG_WARN_BLOCK_CAPTURE_AUTORELEASING = YES;
				CLANG_WARN_BOOL_CONVERSION = YES;
				CLANG_WARN_COMMA = YES;
				CLANG_WARN_CONSTANT_CONVERSION = YES;
				CLANG_WARN_DEPRECATED_OBJC_IMPLEMENTATIONS = YES;
				CLANG_WARN_DIRECT_OBJC_ISA_USAGE = YES_ERROR;
				CLANG_WARN_DOCUMENTATION_COMMENTS = YES;
				CLANG_WARN_EMPTY_BODY = YES;
				CLANG_WARN_ENUM_CONVERSION = YES;
				CLANG_WARN_INFINITE_RECURSION = YES;
				CLANG_WARN_INT_CONVERSION = YES;
				CLANG_WARN_NON_LITERAL_NULL_CONVERSION = YES;
				CLANG_WARN_OBJC_IMPLICIT_RETAIN_SELF = YES;
				CLANG_WARN_OBJC_LITERAL_CONVERSION = YES;
				CLANG_WARN_OBJC_ROOT_CLASS = YES_ERROR;
				CLANG_WARN_RANGE_LOOP_ANALYSIS = YES;
				CLANG_WARN_STRICT_PROTOTYPES = YES;
				CLANG_WARN_SUSPICIOUS_MOVE = YES;
				CLANG_WARN_UNGUARDED_AVAILABILITY = YES_AGGRESSIVE;
				CLANG_WARN_UNREACHABLE_CODE = YES;
				CLANG_WARN__DUPLICATE_METHOD_MATCH = YES;
				COPY_PHASE_STRIP = NO;
				DEBUG_INFORMATION_FORMAT = "dwarf-with-dsym";
				ENABLE_NS_ASSERTIONS = NO;
				ENABLE_STRICT_OBJC_MSGSEND = YES;
				GCC_C_LANGUAGE_STANDARD = gnu11;
				GCC_NO_COMMON_BLOCKS = YES;
				GCC_WARN_64_TO_32_BIT_CONVERSION = YES;
				GCC_WARN_ABOUT_RETURN_TYPE = YES_ERROR;
				GCC_WARN_UNDECLARED_SELECTOR = YES;
				GCC_WARN_UNINITIALIZED_AUTOS = YES_AGGRESSIVE;
				GCC_WARN_UNUSED_FUNCTION = YES;
				GCC_WARN_UNUSED_VARIABLE = YES;
				MACOSX_DEPLOYMENT_TARGET = 10.15;
				MTL_ENABLE_DEBUG_INFO = NO;
				MTL_FAST_MATH = YES;
				SDKROOT = macosx;
				SWIFT_COMPILATION_MODE = wholemodule;
				SWIFT_OPTIMIZATION_LEVEL = "-O";
			};
			name = Release;
		};
		D0AE27ED237EB84E00DEEC6E /* Debug */ = {
			isa = XCBuildConfiguration;
			buildSettings = {
				ASSETCATALOG_COMPILER_APPICON_NAME = AppIcon;
				CODE_SIGN_ENTITLEMENTS = "tea time/tea_time.entitlements";
				CODE_SIGN_STYLE = Automatic;
				COMBINE_HIDPI_IMAGES = YES;
				DEVELOPMENT_ASSET_PATHS = "\"tea time/Preview Content\"";
				ENABLE_PREVIEWS = YES;
				INFOPLIST_FILE = "tea time/Info.plist";
				LD_RUNPATH_SEARCH_PATHS = (
					"$(inherited)",
					"@executable_path/../Frameworks",
				);
				MACOSX_DEPLOYMENT_TARGET = 10.15;
				PRODUCT_BUNDLE_IDENTIFIER = "com.wolfpack-digital.tea-time";
				PRODUCT_NAME = "$(TARGET_NAME)";
				SWIFT_VERSION = 5.0;
			};
			name = Debug;
		};
		D0AE27EE237EB84E00DEEC6E /* Release */ = {
			isa = XCBuildConfiguration;
			buildSettings = {
				ASSETCATALOG_COMPILER_APPICON_NAME = AppIcon;
				CODE_SIGN_ENTITLEMENTS = "tea time/tea_time.entitlements";
				CODE_SIGN_STYLE = Automatic;
				COMBINE_HIDPI_IMAGES = YES;
				DEVELOPMENT_ASSET_PATHS = "\"tea time/Preview Content\"";
				ENABLE_PREVIEWS = YES;
				INFOPLIST_FILE = "tea time/Info.plist";
				LD_RUNPATH_SEARCH_PATHS = (
					"$(inherited)",
					"@executable_path/../Frameworks",
				);
				MACOSX_DEPLOYMENT_TARGET = 10.15;
				PRODUCT_BUNDLE_IDENTIFIER = "com.wolfpack-digital.tea-time";
				PRODUCT_NAME = "$(TARGET_NAME)";
				SWIFT_VERSION = 5.0;
			};
			name = Release;
		};
/* End XCBuildConfiguration section */

/* Begin XCConfigurationList section */
		D0AE27D4237EB84A00DEEC6E /* Build configuration list for PBXProject "tea time" */ = {
			isa = XCConfigurationList;
			buildConfigurations = (
				D0AE27EA237EB84D00DEEC6E /* Debug */,
				D0AE27EB237EB84E00DEEC6E /* Release */,
			);
			defaultConfigurationIsVisible = 0;
			defaultConfigurationName = Release;
		};
		D0AE27EC237EB84E00DEEC6E /* Build configuration list for PBXNativeTarget "tea time" */ = {
			isa = XCConfigurationList;
			buildConfigurations = (
				D0AE27ED237EB84E00DEEC6E /* Debug */,
				D0AE27EE237EB84E00DEEC6E /* Release */,
			);
			defaultConfigurationIsVisible = 0;
			defaultConfigurationName = Release;
		};
/* End XCConfigurationList section */
	};
	rootObject = D0AE27D1237EB84A00DEEC6E /* Project object */;
}
